
Microsoft Visual Studio Solution File, Format Version 12.00
# Visual Studio Version 17
VisualStudioVersion = 17.9.34622.214
MinimumVisualStudioVersion = 10.0.40219.1
Project("{FAE04EC0-301F-11D3-BF4B-00C04F79EFBC}") = "RevitPlugin", "RevitPlugin\RevitPlugin.csproj", "{1346C827-9EBB-403D-974D-01DB33F1028F}"
EndProject
Project("{FAE04EC0-301F-11D3-BF4B-00C04F79EFBC}") = "PipeTool", "RevitPlugin.Wpf\PipeTool.csproj", "{D64BBA74-72B4-4EB9-87D0-59B71B3E1954}"
EndProject
Project("{2150E333-8FDC-42A3-9474-1A3956D46DE8}") = "Screens", "Screens", "{774C4785-D114-4E86-8925-E4E1106671AF}"
EndProject
Project("{FAE04EC0-301F-11D3-BF4B-00C04F79EFBC}") = "Revit.Core", "Revit.Core\Revit.Core.csproj", "{B1848624-8004-4B76-B6C7-3ACA3DA2E49C}"
EndProject
Project("{9A19103F-16F7-4668-BE54-9A1E7A4F7556}") = "Plugin.Core", "Plugin.Core\Plugin.Core.csproj", "{03D3F52E-0CDF-46FA-9036-74C056535F54}"
EndProject
Project("{9A19103F-16F7-4668-BE54-9A1E7A4F7556}") = "Utility.Mathematics", "Utility.Math\Utility.Mathematics.csproj", "{543B2A42-C4E8-4363-A9FF-3531431AB3E0}"
EndProject
Project("{9A19103F-16F7-4668-BE54-9A1E7A4F7556}") = "Wpf.Common", "Wpf.Common\Wpf.Common.csproj", "{5ACBB20B-F0B3-4832-A050-611911BA66A4}"
EndProject
Project("{9A19103F-16F7-4668-BE54-9A1E7A4F7556}") = "PipeToolTest", "PipeToolTest\PipeToolTest.csproj", "{ED995A87-A878-40F3-BF89-09C8D54E6218}"
EndProject
Project("{2150E333-8FDC-42A3-9474-1A3956D46DE8}") = "Tests", "Tests", "{48FC8435-DA57-485C-8D23-F156334A7A81}"
EndProject
Project("{2150E333-8FDC-42A3-9474-1A3956D46DE8}") = "ScreenTests", "ScreenTests", "{05CEF299-132B-479A-B283-ED4380338275}"
EndProject
Project("{2150E333-8FDC-42A3-9474-1A3956D46DE8}") = "CoreTests", "CoreTests", "{F040718D-DA8B-47CA-9B73-A07F197C2E54}"
EndProject
Project("{FAE04EC0-301F-11D3-BF4B-00C04F79EFBC}") = "CoreTests", "CoreTests\CoreTests.csproj", "{4F91E677-D4CF-4F51-9484-EBA94E103B17}"
EndProject
Global
	GlobalSection(SolutionConfigurationPlatforms) = preSolution
		Debug|Any CPU = Debug|Any CPU
		Debug|x64 = Debug|x64
		Release|Any CPU = Release|Any CPU
		Release|x64 = Release|x64
	EndGlobalSection
	GlobalSection(ProjectConfigurationPlatforms) = postSolution
		{1346C827-9EBB-403D-974D-01DB33F1028F}.Debug|Any CPU.ActiveCfg = Debug|Any CPU
		{1346C827-9EBB-403D-974D-01DB33F1028F}.Debug|Any CPU.Build.0 = Debug|Any CPU
		{1346C827-9EBB-403D-974D-01DB33F1028F}.Debug|x64.ActiveCfg = Debug|x64
		{1346C827-9EBB-403D-974D-01DB33F1028F}.Debug|x64.Build.0 = Debug|x64
		{1346C827-9EBB-403D-974D-01DB33F1028F}.Release|Any CPU.ActiveCfg = Release|Any CPU
		{1346C827-9EBB-403D-974D-01DB33F1028F}.Release|Any CPU.Build.0 = Release|Any CPU
		{1346C827-9EBB-403D-974D-01DB33F1028F}.Release|x64.ActiveCfg = Release|x64
		{1346C827-9EBB-403D-974D-01DB33F1028F}.Release|x64.Build.0 = Release|x64
		{D64BBA74-72B4-4EB9-87D0-59B71B3E1954}.Debug|Any CPU.ActiveCfg = Debug|Any CPU
		{D64BBA74-72B4-4EB9-87D0-59B71B3E1954}.Debug|Any CPU.Build.0 = Debug|Any CPU
		{D64BBA74-72B4-4EB9-87D0-59B71B3E1954}.Debug|x64.ActiveCfg = Debug|x64
		{D64BBA74-72B4-4EB9-87D0-59B71B3E1954}.Debug|x64.Build.0 = Debug|x64
		{D64BBA74-72B4-4EB9-87D0-59B71B3E1954}.Release|Any CPU.ActiveCfg = Release|Any CPU
		{D64BBA74-72B4-4EB9-87D0-59B71B3E1954}.Release|Any CPU.Build.0 = Release|Any CPU
		{D64BBA74-72B4-4EB9-87D0-59B71B3E1954}.Release|x64.ActiveCfg = Release|x64
		{D64BBA74-72B4-4EB9-87D0-59B71B3E1954}.Release|x64.Build.0 = Release|x64
		{B1848624-8004-4B76-B6C7-3ACA3DA2E49C}.Debug|Any CPU.ActiveCfg = Debug|Any CPU
		{B1848624-8004-4B76-B6C7-3ACA3DA2E49C}.Debug|Any CPU.Build.0 = Debug|Any CPU
		{B1848624-8004-4B76-B6C7-3ACA3DA2E49C}.Debug|x64.ActiveCfg = Debug|Any CPU
		{B1848624-8004-4B76-B6C7-3ACA3DA2E49C}.Debug|x64.Build.0 = Debug|Any CPU
		{B1848624-8004-4B76-B6C7-3ACA3DA2E49C}.Release|Any CPU.ActiveCfg = Release|Any CPU
		{B1848624-8004-4B76-B6C7-3ACA3DA2E49C}.Release|Any CPU.Build.0 = Release|Any CPU
		{B1848624-8004-4B76-B6C7-3ACA3DA2E49C}.Release|x64.ActiveCfg = Release|Any CPU
		{B1848624-8004-4B76-B6C7-3ACA3DA2E49C}.Release|x64.Build.0 = Release|Any CPU
		{03D3F52E-0CDF-46FA-9036-74C056535F54}.Debug|Any CPU.ActiveCfg = Debug|Any CPU
		{03D3F52E-0CDF-46FA-9036-74C056535F54}.Debug|Any CPU.Build.0 = Debug|Any CPU
		{03D3F52E-0CDF-46FA-9036-74C056535F54}.Debug|x64.ActiveCfg = Debug|Any CPU
		{03D3F52E-0CDF-46FA-9036-74C056535F54}.Debug|x64.Build.0 = Debug|Any CPU
		{03D3F52E-0CDF-46FA-9036-74C056535F54}.Release|Any CPU.ActiveCfg = Release|Any CPU
		{03D3F52E-0CDF-46FA-9036-74C056535F54}.Release|Any CPU.Build.0 = Release|Any CPU
		{03D3F52E-0CDF-46FA-9036-74C056535F54}.Release|x64.ActiveCfg = Release|Any CPU
		{03D3F52E-0CDF-46FA-9036-74C056535F54}.Release|x64.Build.0 = Release|Any CPU
		{543B2A42-C4E8-4363-A9FF-3531431AB3E0}.Debug|Any CPU.ActiveCfg = Debug|Any CPU
		{543B2A42-C4E8-4363-A9FF-3531431AB3E0}.Debug|Any CPU.Build.0 = Debug|Any CPU
		{543B2A42-C4E8-4363-A9FF-3531431AB3E0}.Debug|x64.ActiveCfg = Debug|Any CPU
		{543B2A42-C4E8-4363-A9FF-3531431AB3E0}.Debug|x64.Build.0 = Debug|Any CPU
		{543B2A42-C4E8-4363-A9FF-3531431AB3E0}.Release|Any CPU.ActiveCfg = Release|Any CPU
		{543B2A42-C4E8-4363-A9FF-3531431AB3E0}.Release|Any CPU.Build.0 = Release|Any CPU
		{543B2A42-C4E8-4363-A9FF-3531431AB3E0}.Release|x64.ActiveCfg = Release|Any CPU
		{543B2A42-C4E8-4363-A9FF-3531431AB3E0}.Release|x64.Build.0 = Release|Any CPU
		{5ACBB20B-F0B3-4832-A050-611911BA66A4}.Debug|Any CPU.ActiveCfg = Debug|Any CPU
		{5ACBB20B-F0B3-4832-A050-611911BA66A4}.Debug|Any CPU.Build.0 = Debug|Any CPU
		{5ACBB20B-F0B3-4832-A050-611911BA66A4}.Debug|x64.ActiveCfg = Debug|Any CPU
		{5ACBB20B-F0B3-4832-A050-611911BA66A4}.Debug|x64.Build.0 = Debug|Any CPU
		{5ACBB20B-F0B3-4832-A050-611911BA66A4}.Release|Any CPU.ActiveCfg = Release|Any CPU
		{5ACBB20B-F0B3-4832-A050-611911BA66A4}.Release|Any CPU.Build.0 = Release|Any CPU
		{5ACBB20B-F0B3-4832-A050-611911BA66A4}.Release|x64.ActiveCfg = Release|Any CPU
		{5ACBB20B-F0B3-4832-A050-611911BA66A4}.Release|x64.Build.0 = Release|Any CPU
		{ED995A87-A878-40F3-BF89-09C8D54E6218}.Debug|Any CPU.ActiveCfg = Debug|Any CPU
		{ED995A87-A878-40F3-BF89-09C8D54E6218}.Debug|Any CPU.Build.0 = Debug|Any CPU
		{ED995A87-A878-40F3-BF89-09C8D54E6218}.Debug|x64.ActiveCfg = Debug|Any CPU
		{ED995A87-A878-40F3-BF89-09C8D54E6218}.Debug|x64.Build.0 = Debug|Any CPU
		{ED995A87-A878-40F3-BF89-09C8D54E6218}.Release|Any CPU.ActiveCfg = Release|Any CPU
		{ED995A87-A878-40F3-BF89-09C8D54E6218}.Release|Any CPU.Build.0 = Release|Any CPU
		{ED995A87-A878-40F3-BF89-09C8D54E6218}.Release|x64.ActiveCfg = Release|Any CPU
		{ED995A87-A878-40F3-BF89-09C8D54E6218}.Release|x64.Build.0 = Release|Any CPU
		{4F91E677-D4CF-4F51-9484-EBA94E103B17}.Debug|Any CPU.ActiveCfg = Debug|Any CPU
		{4F91E677-D4CF-4F51-9484-EBA94E103B17}.Debug|Any CPU.Build.0 = Debug|Any CPU
		{4F91E677-D4CF-4F51-9484-EBA94E103B17}.Debug|x64.ActiveCfg = Debug|Any CPU
		{4F91E677-D4CF-4F51-9484-EBA94E103B17}.Debug|x64.Build.0 = Debug|Any CPU
		{4F91E677-D4CF-4F51-9484-EBA94E103B17}.Release|Any CPU.ActiveCfg = Release|Any CPU
		{4F91E677-D4CF-4F51-9484-EBA94E103B17}.Release|Any CPU.Build.0 = Release|Any CPU
		{4F91E677-D4CF-4F51-9484-EBA94E103B17}.Release|x64.ActiveCfg = Release|Any CPU
		{4F91E677-D4CF-4F51-9484-EBA94E103B17}.Release|x64.Build.0 = Release|Any CPU
	EndGlobalSection
	GlobalSection(SolutionProperties) = preSolution
		HideSolutionNode = FALSE
	EndGlobalSection
	GlobalSection(NestedProjects) = preSolution
		{D64BBA74-72B4-4EB9-87D0-59B71B3E1954} = {774C4785-D114-4E86-8925-E4E1106671AF}
		{ED995A87-A878-40F3-BF89-09C8D54E6218} = {05CEF299-132B-479A-B283-ED4380338275}
		{05CEF299-132B-479A-B283-ED4380338275} = {48FC8435-DA57-485C-8D23-F156334A7A81}
		{F040718D-DA8B-47CA-9B73-A07F197C2E54} = {48FC8435-DA57-485C-8D23-F156334A7A81}
		{4F91E677-D4CF-4F51-9484-EBA94E103B17} = {F040718D-DA8B-47CA-9B73-A07F197C2E54}
	EndGlobalSection
	GlobalSection(ExtensibilityGlobals) = postSolution
		SolutionGuid = {8A4A3211-C1C7-4A30-9960-616A6DB1ED15}
	EndGlobalSection
EndGlobal
